
Microsoft Visual Studio Solution File, Format Version 12.00
# Visual Studio Version 17
VisualStudioVersion = 17.8.34330.188
MinimumVisualStudioVersion = 10.0.40219.1
Project("{FAE04EC0-301F-11D3-BF4B-00C04F79EFBC}") = "IohnerWinterTPChapitre4", "IohnerWinterTPChapitre4\IohnerWinterTPChapitre4.csproj", "{7CCBBF62-2A1A-4408-A51A-C4752135FEE3}"
EndProject
Global
	GlobalSection(SolutionConfigurationPlatforms) = preSolution
		Debug|Any CPU = Debug|Any CPU
		Release|Any CPU = Release|Any CPU
	EndGlobalSection
	GlobalSection(ProjectConfigurationPlatforms) = postSolution
		{7CCBBF62-2A1A-4408-A51A-C4752135FEE3}.Debug|Any CPU.ActiveCfg = Debug|Any CPU
		{7CCBBF62-2A1A-4408-A51A-C4752135FEE3}.Debug|Any CPU.Build.0 = Debug|Any CPU
		{7CCBBF62-2A1A-4408-A51A-C4752135FEE3}.Release|Any CPU.ActiveCfg = Release|Any CPU
		{7CCBBF62-2A1A-4408-A51A-C4752135FEE3}.Release|Any CPU.Build.0 = Release|Any CPU
	EndGlobalSection
	GlobalSection(SolutionProperties) = preSolution
		HideSolutionNode = FALSE
	EndGlobalSection
	GlobalSection(ExtensibilityGlobals) = postSolution
		SolutionGuid = {7A820128-47D6-4A2A-B1BE-AB6097BDFA65}
	EndGlobalSection
EndGlobal
